
Microsoft Visual Studio Solution File, Format Version 12.00
# Visual Studio 15
VisualStudioVersion = 15.0.28307.329
MinimumVisualStudioVersion = 10.0.40219.1
Project("{FAE04EC0-301F-11D3-BF4B-00C04F79EFBC}") = "WorkforceManagementClient", "WorkforceManagementClient\WorkforceManagementClient.csproj", "{E0FCFDBA-EBA6-44F3-AFB5-D45599A29063}"
EndProject
Global
	GlobalSection(SolutionConfigurationPlatforms) = preSolution
		Debug|Any CPU = Debug|Any CPU
		Release|Any CPU = Release|Any CPU
	EndGlobalSection
	GlobalSection(ProjectConfigurationPlatforms) = postSolution
		{E0FCFDBA-EBA6-44F3-AFB5-D45599A29063}.Debug|Any CPU.ActiveCfg = Debug|Any CPU
		{E0FCFDBA-EBA6-44F3-AFB5-D45599A29063}.Debug|Any CPU.Build.0 = Debug|Any CPU
		{E0FCFDBA-EBA6-44F3-AFB5-D45599A29063}.Release|Any CPU.ActiveCfg = Release|Any CPU
		{E0FCFDBA-EBA6-44F3-AFB5-D45599A29063}.Release|Any CPU.Build.0 = Release|Any CPU
	EndGlobalSection
	GlobalSection(SolutionProperties) = preSolution
		HideSolutionNode = FALSE
	EndGlobalSection
	GlobalSection(ExtensibilityGlobals) = postSolution
		SolutionGuid = {FF15AC8A-0821-494D-B6D4-CFD28E71D9D8}
	EndGlobalSection
EndGlobal
